// !$*UTF8*$!
{
	archiveVersion = 1;
	classes = {
	};
	objectVersion = 50;
	objects = {

/* Begin PBXBuildFile section */
		EACB1245258799BC00B80F59 /* AppDelegate.swift in Sources */ = {isa = PBXBuildFile; fileRef = EACB1244258799BC00B80F59 /* AppDelegate.swift */; };
		EACB1247258799BC00B80F59 /* SceneDelegate.swift in Sources */ = {isa = PBXBuildFile; fileRef = EACB1246258799BC00B80F59 /* SceneDelegate.swift */; };
		EACB1249258799BC00B80F59 /* TodoViewController.swift in Sources */ = {isa = PBXBuildFile; fileRef = EACB1248258799BC00B80F59 /* TodoViewController.swift */; };
		EACB124C258799BC00B80F59 /* Main.storyboard in Resources */ = {isa = PBXBuildFile; fileRef = EACB124A258799BC00B80F59 /* Main.storyboard */; };
		EACB124F258799BC00B80F59 /* EverydayTodo.xcdatamodeld in Sources */ = {isa = PBXBuildFile; fileRef = EACB124D258799BC00B80F59 /* EverydayTodo.xcdatamodeld */; };
		EACB1251258799C100B80F59 /* Assets.xcassets in Resources */ = {isa = PBXBuildFile; fileRef = EACB1250258799C100B80F59 /* Assets.xcassets */; };
		EACB1254258799C100B80F59 /* LaunchScreen.storyboard in Resources */ = {isa = PBXBuildFile; fileRef = EACB1252258799C100B80F59 /* LaunchScreen.storyboard */; };
		EACB126E2587A82600B80F59 /* TodoCollectionViewCell.swift in Sources */ = {isa = PBXBuildFile; fileRef = EACB126D2587A82600B80F59 /* TodoCollectionViewCell.swift */; };
/* End PBXBuildFile section */

/* Begin PBXFileReference section */
		EACB1241258799BC00B80F59 /* EverydayTodo.app */ = {isa = PBXFileReference; explicitFileType = wrapper.application; includeInIndex = 0; path = EverydayTodo.app; sourceTree = BUILT_PRODUCTS_DIR; };
		EACB1244258799BC00B80F59 /* AppDelegate.swift */ = {isa = PBXFileReference; lastKnownFileType = sourcecode.swift; path = AppDelegate.swift; sourceTree = "<group>"; };
		EACB1246258799BC00B80F59 /* SceneDelegate.swift */ = {isa = PBXFileReference; lastKnownFileType = sourcecode.swift; path = SceneDelegate.swift; sourceTree = "<group>"; };
		EACB1248258799BC00B80F59 /* TodoViewController.swift */ = {isa = PBXFileReference; lastKnownFileType = sourcecode.swift; path = TodoViewController.swift; sourceTree = "<group>"; };
		EACB124B258799BC00B80F59 /* Base */ = {isa = PBXFileReference; lastKnownFileType = file.storyboard; name = Base; path = Base.lproj/Main.storyboard; sourceTree = "<group>"; };
		EACB124E258799BC00B80F59 /* EverydayTodo.xcdatamodel */ = {isa = PBXFileReference; lastKnownFileType = wrapper.xcdatamodel; path = EverydayTodo.xcdatamodel; sourceTree = "<group>"; };
		EACB1250258799C100B80F59 /* Assets.xcassets */ = {isa = PBXFileReference; lastKnownFileType = folder.assetcatalog; path = Assets.xcassets; sourceTree = "<group>"; };
		EACB1253258799C100B80F59 /* Base */ = {isa = PBXFileReference; lastKnownFileType = file.storyboard; name = Base; path = Base.lproj/LaunchScreen.storyboard; sourceTree = "<group>"; };
		EACB1255258799C100B80F59 /* Info.plist */ = {isa = PBXFileReference; lastKnownFileType = text.plist.xml; path = Info.plist; sourceTree = "<group>"; };
		EACB126D2587A82600B80F59 /* TodoCollectionViewCell.swift */ = {isa = PBXFileReference; lastKnownFileType = sourcecode.swift; path = TodoCollectionViewCell.swift; sourceTree = "<group>"; };
/* End PBXFileReference section */

/* Begin PBXFrameworksBuildPhase section */
		EACB123E258799BC00B80F59 /* Frameworks */ = {
			isa = PBXFrameworksBuildPhase;
			buildActionMask = 2147483647;
			files = (
			);
			runOnlyForDeploymentPostprocessing = 0;
		};
/* End PBXFrameworksBuildPhase section */

/* Begin PBXGroup section */
		EACB1238258799BC00B80F59 = {
			isa = PBXGroup;
			children = (
				EACB1243258799BC00B80F59 /* EverydayTodo */,
				EACB1242258799BC00B80F59 /* Products */,
			);
			sourceTree = "<group>";
		};
		EACB1242258799BC00B80F59 /* Products */ = {
			isa = PBXGroup;
			children = (
				EACB1241258799BC00B80F59 /* EverydayTodo.app */,
			);
			name = Products;
			sourceTree = "<group>";
		};
		EACB1243258799BC00B80F59 /* EverydayTodo */ = {
			isa = PBXGroup;
			children = (
				EACB12662587A09B00B80F59 /* Resources */,
				EACB125F25879F5E00B80F59 /* Services */,
				EACB125E25879F4E00B80F59 /* Sources */,
				EACB125D25879F3D00B80F59 /* Utils */,
				EACB125C25879F0A00B80F59 /* Supportings */,
			);
			path = EverydayTodo;
			sourceTree = "<group>";
		};
		EACB125C25879F0A00B80F59 /* Supportings */ = {
			isa = PBXGroup;
			children = (
				EACB1255258799C100B80F59 /* Info.plist */,
			);
			path = Supportings;
			sourceTree = "<group>";
		};
		EACB125D25879F3D00B80F59 /* Utils */ = {
			isa = PBXGroup;
			children = (
				EACB12682587A11300B80F59 /* Extentions */,
				EACB124D258799BC00B80F59 /* EverydayTodo.xcdatamodeld */,
			);
			path = Utils;
			sourceTree = "<group>";
		};
		EACB125E25879F4E00B80F59 /* Sources */ = {
			isa = PBXGroup;
			children = (
				EACB12642587A01B00B80F59 /* ViewControllers */,
				EACB126325879FFD00B80F59 /* Applications */,
				EACB126225879FED00B80F59 /* Views */,
				EACB126125879FDF00B80F59 /* ViewModels */,
				EACB126025879FBE00B80F59 /* Models */,
			);
			path = Sources;
			sourceTree = "<group>";
		};
		EACB125F25879F5E00B80F59 /* Services */ = {
			isa = PBXGroup;
			children = (
			);
			path = Services;
			sourceTree = "<group>";
		};
		EACB126025879FBE00B80F59 /* Models */ = {
			isa = PBXGroup;
			children = (
			);
			path = Models;
			sourceTree = "<group>";
		};
		EACB126125879FDF00B80F59 /* ViewModels */ = {
			isa = PBXGroup;
			children = (
			);
			path = ViewModels;
			sourceTree = "<group>";
		};
		EACB126225879FED00B80F59 /* Views */ = {
			isa = PBXGroup;
			children = (
				EACB126C2587A7E400B80F59 /* Cells */,
			);
			path = Views;
			sourceTree = "<group>";
		};
		EACB126325879FFD00B80F59 /* Applications */ = {
			isa = PBXGroup;
			children = (
				EACB1244258799BC00B80F59 /* AppDelegate.swift */,
				EACB1246258799BC00B80F59 /* SceneDelegate.swift */,
			);
			path = Applications;
			sourceTree = "<group>";
		};
		EACB12642587A01B00B80F59 /* ViewControllers */ = {
			isa = PBXGroup;
			children = (
				EACB1248258799BC00B80F59 /* TodoViewController.swift */,
			);
			path = ViewControllers;
			sourceTree = "<group>";
		};
		EACB12662587A09B00B80F59 /* Resources */ = {
			isa = PBXGroup;
			children = (
				EACB12672587A0A900B80F59 /* Storyboards */,
				EACB1250258799C100B80F59 /* Assets.xcassets */,
			);
			path = Resources;
			sourceTree = "<group>";
		};
		EACB12672587A0A900B80F59 /* Storyboards */ = {
			isa = PBXGroup;
			children = (
				EACB1252258799C100B80F59 /* LaunchScreen.storyboard */,
				EACB124A258799BC00B80F59 /* Main.storyboard */,
			);
			path = Storyboards;
			sourceTree = "<group>";
		};
		EACB12682587A11300B80F59 /* Extentions */ = {
			isa = PBXGroup;
			children = (
			);
			path = Extentions;
			sourceTree = "<group>";
		};
		EACB126C2587A7E400B80F59 /* Cells */ = {
			isa = PBXGroup;
			children = (
				EACB126D2587A82600B80F59 /* TodoCollectionViewCell.swift */,
			);
			path = Cells;
			sourceTree = "<group>";
		};
/* End PBXGroup section */

/* Begin PBXNativeTarget section */
		EACB1240258799BC00B80F59 /* EverydayTodo */ = {
			isa = PBXNativeTarget;
			buildConfigurationList = EACB1258258799C100B80F59 /* Build configuration list for PBXNativeTarget "EverydayTodo" */;
			buildPhases = (
				EACB123D258799BC00B80F59 /* Sources */,
				EACB123E258799BC00B80F59 /* Frameworks */,
				EACB123F258799BC00B80F59 /* Resources */,
			);
			buildRules = (
			);
			dependencies = (
			);
			name = EverydayTodo;
			productName = EverydayTodo;
			productReference = EACB1241258799BC00B80F59 /* EverydayTodo.app */;
			productType = "com.apple.product-type.application";
		};
/* End PBXNativeTarget section */

/* Begin PBXProject section */
		EACB1239258799BC00B80F59 /* Project object */ = {
			isa = PBXProject;
			attributes = {
				LastSwiftUpdateCheck = 1220;
				LastUpgradeCheck = 1220;
				TargetAttributes = {
					EACB1240258799BC00B80F59 = {
						CreatedOnToolsVersion = 12.2;
					};
				};
			};
			buildConfigurationList = EACB123C258799BC00B80F59 /* Build configuration list for PBXProject "EverydayTodo" */;
			compatibilityVersion = "Xcode 9.3";
			developmentRegion = en;
			hasScannedForEncodings = 0;
			knownRegions = (
				en,
				Base,
			);
			mainGroup = EACB1238258799BC00B80F59;
			productRefGroup = EACB1242258799BC00B80F59 /* Products */;
			projectDirPath = "";
			projectRoot = "";
			targets = (
				EACB1240258799BC00B80F59 /* EverydayTodo */,
			);
		};
/* End PBXProject section */

/* Begin PBXResourcesBuildPhase section */
		EACB123F258799BC00B80F59 /* Resources */ = {
			isa = PBXResourcesBuildPhase;
			buildActionMask = 2147483647;
			files = (
				EACB1254258799C100B80F59 /* LaunchScreen.storyboard in Resources */,
				EACB1251258799C100B80F59 /* Assets.xcassets in Resources */,
				EACB124C258799BC00B80F59 /* Main.storyboard in Resources */,
			);
			runOnlyForDeploymentPostprocessing = 0;
		};
/* End PBXResourcesBuildPhase section */

/* Begin PBXSourcesBuildPhase section */
		EACB123D258799BC00B80F59 /* Sources */ = {
			isa = PBXSourcesBuildPhase;
			buildActionMask = 2147483647;
			files = (
				EACB124F258799BC00B80F59 /* EverydayTodo.xcdatamodeld in Sources */,
				EACB1249258799BC00B80F59 /* TodoViewController.swift in Sources */,
				EACB1245258799BC00B80F59 /* AppDelegate.swift in Sources */,
				EACB126E2587A82600B80F59 /* TodoCollectionViewCell.swift in Sources */,
				EACB1247258799BC00B80F59 /* SceneDelegate.swift in Sources */,
			);
			runOnlyForDeploymentPostprocessing = 0;
		};
/* End PBXSourcesBuildPhase section */

/* Begin PBXVariantGroup section */
		EACB124A258799BC00B80F59 /* Main.storyboard */ = {
			isa = PBXVariantGroup;
			children = (
				EACB124B258799BC00B80F59 /* Base */,
			);
			name = Main.storyboard;
			sourceTree = "<group>";
		};
		EACB1252258799C100B80F59 /* LaunchScreen.storyboard */ = {
			isa = PBXVariantGroup;
			children = (
				EACB1253258799C100B80F59 /* Base */,
			);
			name = LaunchScreen.storyboard;
			sourceTree = "<group>";
		};
/* End PBXVariantGroup section */

/* Begin XCBuildConfiguration section */
		EACB1256258799C100B80F59 /* Debug */ = {
			isa = XCBuildConfiguration;
			buildSettings = {
				ALWAYS_SEARCH_USER_PATHS = NO;
				CLANG_ANALYZER_NONNULL = YES;
				CLANG_ANALYZER_NUMBER_OBJECT_CONVERSION = YES_AGGRESSIVE;
				CLANG_CXX_LANGUAGE_STANDARD = "gnu++14";
				CLANG_CXX_LIBRARY = "libc++";
				CLANG_ENABLE_MODULES = YES;
				CLANG_ENABLE_OBJC_ARC = YES;
				CLANG_ENABLE_OBJC_WEAK = YES;
				CLANG_WARN_BLOCK_CAPTURE_AUTORELEASING = YES;
				CLANG_WARN_BOOL_CONVERSION = YES;
				CLANG_WARN_COMMA = YES;
				CLANG_WARN_CONSTANT_CONVERSION = YES;
				CLANG_WARN_DEPRECATED_OBJC_IMPLEMENTATIONS = YES;
				CLANG_WARN_DIRECT_OBJC_ISA_USAGE = YES_ERROR;
				CLANG_WARN_DOCUMENTATION_COMMENTS = YES;
				CLANG_WARN_EMPTY_BODY = YES;
				CLANG_WARN_ENUM_CONVERSION = YES;
				CLANG_WARN_INFINITE_RECURSION = YES;
				CLANG_WARN_INT_CONVERSION = YES;
				CLANG_WARN_NON_LITERAL_NULL_CONVERSION = YES;
				CLANG_WARN_OBJC_IMPLICIT_RETAIN_SELF = YES;
				CLANG_WARN_OBJC_LITERAL_CONVERSION = YES;
				CLANG_WARN_OBJC_ROOT_CLASS = YES_ERROR;
				CLANG_WARN_QUOTED_INCLUDE_IN_FRAMEWORK_HEADER = YES;
				CLANG_WARN_RANGE_LOOP_ANALYSIS = YES;
				CLANG_WARN_STRICT_PROTOTYPES = YES;
				CLANG_WARN_SUSPICIOUS_MOVE = YES;
				CLANG_WARN_UNGUARDED_AVAILABILITY = YES_AGGRESSIVE;
				CLANG_WARN_UNREACHABLE_CODE = YES;
				CLANG_WARN__DUPLICATE_METHOD_MATCH = YES;
				COPY_PHASE_STRIP = NO;
				DEBUG_INFORMATION_FORMAT = dwarf;
				ENABLE_STRICT_OBJC_MSGSEND = YES;
				ENABLE_TESTABILITY = YES;
				GCC_C_LANGUAGE_STANDARD = gnu11;
				GCC_DYNAMIC_NO_PIC = NO;
				GCC_NO_COMMON_BLOCKS = YES;
				GCC_OPTIMIZATION_LEVEL = 0;
				GCC_PREPROCESSOR_DEFINITIONS = (
					"DEBUG=1",
					"$(inherited)",
				);
				GCC_WARN_64_TO_32_BIT_CONVERSION = YES;
				GCC_WARN_ABOUT_RETURN_TYPE = YES_ERROR;
				GCC_WARN_UNDECLARED_SELECTOR = YES;
				GCC_WARN_UNINITIALIZED_AUTOS = YES_AGGRESSIVE;
				GCC_WARN_UNUSED_FUNCTION = YES;
				GCC_WARN_UNUSED_VARIABLE = YES;
				IPHONEOS_DEPLOYMENT_TARGET = 14.2;
				MTL_ENABLE_DEBUG_INFO = INCLUDE_SOURCE;
				MTL_FAST_MATH = YES;
				ONLY_ACTIVE_ARCH = YES;
				SDKROOT = iphoneos;
				SWIFT_ACTIVE_COMPILATION_CONDITIONS = DEBUG;
				SWIFT_OPTIMIZATION_LEVEL = "-Onone";
			};
			name = Debug;
		};
		EACB1257258799C100B80F59 /* Release */ = {
			isa = XCBuildConfiguration;
			buildSettings = {
				ALWAYS_SEARCH_USER_PATHS = NO;
				CLANG_ANALYZER_NONNULL = YES;
				CLANG_ANALYZER_NUMBER_OBJECT_CONVERSION = YES_AGGRESSIVE;
				CLANG_CXX_LANGUAGE_STANDARD = "gnu++14";
				CLANG_CXX_LIBRARY = "libc++";
				CLANG_ENABLE_MODULES = YES;
				CLANG_ENABLE_OBJC_ARC = YES;
				CLANG_ENABLE_OBJC_WEAK = YES;
				CLANG_WARN_BLOCK_CAPTURE_AUTORELEASING = YES;
				CLANG_WARN_BOOL_CONVERSION = YES;
				CLANG_WARN_COMMA = YES;
				CLANG_WARN_CONSTANT_CONVERSION = YES;
				CLANG_WARN_DEPRECATED_OBJC_IMPLEMENTATIONS = YES;
				CLANG_WARN_DIRECT_OBJC_ISA_USAGE = YES_ERROR;
				CLANG_WARN_DOCUMENTATION_COMMENTS = YES;
				CLANG_WARN_EMPTY_BODY = YES;
				CLANG_WARN_ENUM_CONVERSION = YES;
				CLANG_WARN_INFINITE_RECURSION = YES;
				CLANG_WARN_INT_CONVERSION = YES;
				CLANG_WARN_NON_LITERAL_NULL_CONVERSION = YES;
				CLANG_WARN_OBJC_IMPLICIT_RETAIN_SELF = YES;
				CLANG_WARN_OBJC_LITERAL_CONVERSION = YES;
				CLANG_WARN_OBJC_ROOT_CLASS = YES_ERROR;
				CLANG_WARN_QUOTED_INCLUDE_IN_FRAMEWORK_HEADER = YES;
				CLANG_WARN_RANGE_LOOP_ANALYSIS = YES;
				CLANG_WARN_STRICT_PROTOTYPES = YES;
				CLANG_WARN_SUSPICIOUS_MOVE = YES;
				CLANG_WARN_UNGUARDED_AVAILABILITY = YES_AGGRESSIVE;
				CLANG_WARN_UNREACHABLE_CODE = YES;
				CLANG_WARN__DUPLICATE_METHOD_MATCH = YES;
				COPY_PHASE_STRIP = NO;
				DEBUG_INFORMATION_FORMAT = "dwarf-with-dsym";
				ENABLE_NS_ASSERTIONS = NO;
				ENABLE_STRICT_OBJC_MSGSEND = YES;
				GCC_C_LANGUAGE_STANDARD = gnu11;
				GCC_NO_COMMON_BLOCKS = YES;
				GCC_WARN_64_TO_32_BIT_CONVERSION = YES;
				GCC_WARN_ABOUT_RETURN_TYPE = YES_ERROR;
				GCC_WARN_UNDECLARED_SELECTOR = YES;
				GCC_WARN_UNINITIALIZED_AUTOS = YES_AGGRESSIVE;
				GCC_WARN_UNUSED_FUNCTION = YES;
				GCC_WARN_UNUSED_VARIABLE = YES;
				IPHONEOS_DEPLOYMENT_TARGET = 14.2;
				MTL_ENABLE_DEBUG_INFO = NO;
				MTL_FAST_MATH = YES;
				SDKROOT = iphoneos;
				SWIFT_COMPILATION_MODE = wholemodule;
				SWIFT_OPTIMIZATION_LEVEL = "-O";
				VALIDATE_PRODUCT = YES;
			};
			name = Release;
		};
		EACB1259258799C100B80F59 /* Debug */ = {
			isa = XCBuildConfiguration;
			buildSettings = {
				ASSETCATALOG_COMPILER_APPICON_NAME = AppIcon;
				ASSETCATALOG_COMPILER_GLOBAL_ACCENT_COLOR_NAME = AccentColor;
				CODE_SIGN_STYLE = Automatic;
				DEVELOPMENT_TEAM = 68663464K3;
				INFOPLIST_FILE = EverydayTodo/Supportings/Info.plist;
				LD_RUNPATH_SEARCH_PATHS = (
					"$(inherited)",
					"@executable_path/Frameworks",
				);
				PRODUCT_BUNDLE_IDENTIFIER = com.doyeon.EverydayTodo;
				PRODUCT_NAME = "$(TARGET_NAME)";
				SWIFT_VERSION = 5.0;
				TARGETED_DEVICE_FAMILY = "1,2";
			};
			name = Debug;
		};
		EACB125A258799C100B80F59 /* Release */ = {
			isa = XCBuildConfiguration;
			buildSettings = {
				ASSETCATALOG_COMPILER_APPICON_NAME = AppIcon;
				ASSETCATALOG_COMPILER_GLOBAL_ACCENT_COLOR_NAME = AccentColor;
				CODE_SIGN_STYLE = Automatic;
				DEVELOPMENT_TEAM = 68663464K3;
				INFOPLIST_FILE = EverydayTodo/Supportings/Info.plist;
				LD_RUNPATH_SEARCH_PATHS = (
					"$(inherited)",
					"@executable_path/Frameworks",
				);
				PRODUCT_BUNDLE_IDENTIFIER = com.doyeon.EverydayTodo;
				PRODUCT_NAME = "$(TARGET_NAME)";
				SWIFT_VERSION = 5.0;
				TARGETED_DEVICE_FAMILY = "1,2";
			};
			name = Release;
		};
/* End XCBuildConfiguration section */

/* Begin XCConfigurationList section */
		EACB123C258799BC00B80F59 /* Build configuration list for PBXProject "EverydayTodo" */ = {
			isa = XCConfigurationList;
			buildConfigurations = (
				EACB1256258799C100B80F59 /* Debug */,
				EACB1257258799C100B80F59 /* Release */,
			);
			defaultConfigurationIsVisible = 0;
			defaultConfigurationName = Release;
		};
		EACB1258258799C100B80F59 /* Build configuration list for PBXNativeTarget "EverydayTodo" */ = {
			isa = XCConfigurationList;
			buildConfigurations = (
				EACB1259258799C100B80F59 /* Debug */,
				EACB125A258799C100B80F59 /* Release */,
			);
			defaultConfigurationIsVisible = 0;
			defaultConfigurationName = Release;
		};
/* End XCConfigurationList section */

/* Begin XCVersionGroup section */
		EACB124D258799BC00B80F59 /* EverydayTodo.xcdatamodeld */ = {
			isa = XCVersionGroup;
			children = (
				EACB124E258799BC00B80F59 /* EverydayTodo.xcdatamodel */,
			);
			currentVersion = EACB124E258799BC00B80F59 /* EverydayTodo.xcdatamodel */;
			path = EverydayTodo.xcdatamodeld;
			sourceTree = "<group>";
			versionGroupType = wrapper.xcdatamodel;
		};
/* End XCVersionGroup section */
	};
	rootObject = EACB1239258799BC00B80F59 /* Project object */;
}
