// !$*UTF8*$!
{
	archiveVersion = 1;
	classes = {
	};
	objectVersion = 51;
	objects = {

/* Begin PBXBuildFile section */
		A80ED70A08A0E84DC023BC38 /* Pods_EverydayTodo.framework in Frameworks */ = {isa = PBXBuildFile; fileRef = 71DF0B6E09F56FC2F1BB9050 /* Pods_EverydayTodo.framework */; };
		EA35CE5E259A2E070009A51F /* Todo.swift in Sources */ = {isa = PBXBuildFile; fileRef = EA35CE5D259A2E070009A51F /* Todo.swift */; };
		EA35CE61259C50920009A51F /* Date+Extensions.swift in Sources */ = {isa = PBXBuildFile; fileRef = EA35CE60259C50920009A51F /* Date+Extensions.swift */; };
		EA99FB71258CD24100E0D30D /* BLTNExtensions.swift in Sources */ = {isa = PBXBuildFile; fileRef = EA99FB70258CD24100E0D30D /* BLTNExtensions.swift */; };
		EA99FB78258D0D3500E0D30D /* ModalViewController.swift in Sources */ = {isa = PBXBuildFile; fileRef = EA99FB77258D0D3500E0D30D /* ModalViewController.swift */; };
		EABC54A4258B56BC0092DF9B /* ViewExtensions.swift in Sources */ = {isa = PBXBuildFile; fileRef = EABC54A3258B56BC0092DF9B /* ViewExtensions.swift */; };
		EABC54AA258B5B070092DF9B /* LineView.swift in Sources */ = {isa = PBXBuildFile; fileRef = EABC54A9258B5B070092DF9B /* LineView.swift */; };
		EABC54AD258B64D90092DF9B /* HeaderCollectionReusableView.swift in Sources */ = {isa = PBXBuildFile; fileRef = EABC54AC258B64D90092DF9B /* HeaderCollectionReusableView.swift */; };
		EAC0920E259DCD7F00604402 /* Todo+CoreDataClass.swift in Sources */ = {isa = PBXBuildFile; fileRef = EAC0920C259DCD7F00604402 /* Todo+CoreDataClass.swift */; };
		EAC0920F259DCD7F00604402 /* Todo+CoreDataProperties.swift in Sources */ = {isa = PBXBuildFile; fileRef = EAC0920D259DCD7F00604402 /* Todo+CoreDataProperties.swift */; };
		EACB1245258799BC00B80F59 /* AppDelegate.swift in Sources */ = {isa = PBXBuildFile; fileRef = EACB1244258799BC00B80F59 /* AppDelegate.swift */; };
		EACB1247258799BC00B80F59 /* SceneDelegate.swift in Sources */ = {isa = PBXBuildFile; fileRef = EACB1246258799BC00B80F59 /* SceneDelegate.swift */; };
		EACB1249258799BC00B80F59 /* TodoViewController.swift in Sources */ = {isa = PBXBuildFile; fileRef = EACB1248258799BC00B80F59 /* TodoViewController.swift */; };
		EACB124C258799BC00B80F59 /* Main.storyboard in Resources */ = {isa = PBXBuildFile; fileRef = EACB124A258799BC00B80F59 /* Main.storyboard */; };
		EACB124F258799BC00B80F59 /* EverydayTodo.xcdatamodeld in Sources */ = {isa = PBXBuildFile; fileRef = EACB124D258799BC00B80F59 /* EverydayTodo.xcdatamodeld */; };
		EACB1251258799C100B80F59 /* Assets.xcassets in Resources */ = {isa = PBXBuildFile; fileRef = EACB1250258799C100B80F59 /* Assets.xcassets */; };
		EACB1254258799C100B80F59 /* LaunchScreen.storyboard in Resources */ = {isa = PBXBuildFile; fileRef = EACB1252258799C100B80F59 /* LaunchScreen.storyboard */; };
		EACB126E2587A82600B80F59 /* TodoCollectionViewCell.swift in Sources */ = {isa = PBXBuildFile; fileRef = EACB126D2587A82600B80F59 /* TodoCollectionViewCell.swift */; };
/* End PBXBuildFile section */

/* Begin PBXFileReference section */
		71DF0B6E09F56FC2F1BB9050 /* Pods_EverydayTodo.framework */ = {isa = PBXFileReference; explicitFileType = wrapper.framework; includeInIndex = 0; path = Pods_EverydayTodo.framework; sourceTree = BUILT_PRODUCTS_DIR; };
		93F64EB69614C9989339FA45 /* Pods-EverydayTodo.debug.xcconfig */ = {isa = PBXFileReference; includeInIndex = 1; lastKnownFileType = text.xcconfig; name = "Pods-EverydayTodo.debug.xcconfig"; path = "Target Support Files/Pods-EverydayTodo/Pods-EverydayTodo.debug.xcconfig"; sourceTree = "<group>"; };
		EA35CE5D259A2E070009A51F /* Todo.swift */ = {isa = PBXFileReference; lastKnownFileType = sourcecode.swift; path = Todo.swift; sourceTree = "<group>"; };
		EA35CE60259C50920009A51F /* Date+Extensions.swift */ = {isa = PBXFileReference; lastKnownFileType = sourcecode.swift; path = "Date+Extensions.swift"; sourceTree = "<group>"; };
		EA99FB70258CD24100E0D30D /* BLTNExtensions.swift */ = {isa = PBXFileReference; lastKnownFileType = sourcecode.swift; path = BLTNExtensions.swift; sourceTree = "<group>"; };
		EA99FB77258D0D3500E0D30D /* ModalViewController.swift */ = {isa = PBXFileReference; lastKnownFileType = sourcecode.swift; path = ModalViewController.swift; sourceTree = "<group>"; };
		EABC54A3258B56BC0092DF9B /* ViewExtensions.swift */ = {isa = PBXFileReference; lastKnownFileType = sourcecode.swift; path = ViewExtensions.swift; sourceTree = "<group>"; };
		EABC54A9258B5B070092DF9B /* LineView.swift */ = {isa = PBXFileReference; lastKnownFileType = sourcecode.swift; path = LineView.swift; sourceTree = "<group>"; };
		EABC54AC258B64D90092DF9B /* HeaderCollectionReusableView.swift */ = {isa = PBXFileReference; lastKnownFileType = sourcecode.swift; path = HeaderCollectionReusableView.swift; sourceTree = "<group>"; };
		EAC0920C259DCD7F00604402 /* Todo+CoreDataClass.swift */ = {isa = PBXFileReference; lastKnownFileType = sourcecode.swift; path = "Todo+CoreDataClass.swift"; sourceTree = SOURCE_ROOT; };
		EAC0920D259DCD7F00604402 /* Todo+CoreDataProperties.swift */ = {isa = PBXFileReference; lastKnownFileType = sourcecode.swift; path = "Todo+CoreDataProperties.swift"; sourceTree = SOURCE_ROOT; };
		EACB1241258799BC00B80F59 /* EverydayTodo.app */ = {isa = PBXFileReference; explicitFileType = wrapper.application; includeInIndex = 0; path = EverydayTodo.app; sourceTree = BUILT_PRODUCTS_DIR; };
		EACB1244258799BC00B80F59 /* AppDelegate.swift */ = {isa = PBXFileReference; lastKnownFileType = sourcecode.swift; path = AppDelegate.swift; sourceTree = "<group>"; };
		EACB1246258799BC00B80F59 /* SceneDelegate.swift */ = {isa = PBXFileReference; lastKnownFileType = sourcecode.swift; path = SceneDelegate.swift; sourceTree = "<group>"; };
		EACB1248258799BC00B80F59 /* TodoViewController.swift */ = {isa = PBXFileReference; lastKnownFileType = sourcecode.swift; path = TodoViewController.swift; sourceTree = "<group>"; };
		EACB124B258799BC00B80F59 /* Base */ = {isa = PBXFileReference; lastKnownFileType = file.storyboard; name = Base; path = Base.lproj/Main.storyboard; sourceTree = "<group>"; };
		EACB124E258799BC00B80F59 /* EverydayTodo.xcdatamodel */ = {isa = PBXFileReference; lastKnownFileType = wrapper.xcdatamodel; path = EverydayTodo.xcdatamodel; sourceTree = "<group>"; };
		EACB1250258799C100B80F59 /* Assets.xcassets */ = {isa = PBXFileReference; lastKnownFileType = folder.assetcatalog; path = Assets.xcassets; sourceTree = "<group>"; };
		EACB1253258799C100B80F59 /* Base */ = {isa = PBXFileReference; lastKnownFileType = file.storyboard; name = Base; path = Base.lproj/LaunchScreen.storyboard; sourceTree = "<group>"; };
		EACB1255258799C100B80F59 /* Info.plist */ = {isa = PBXFileReference; lastKnownFileType = text.plist.xml; path = Info.plist; sourceTree = "<group>"; };
		EACB126D2587A82600B80F59 /* TodoCollectionViewCell.swift */ = {isa = PBXFileReference; lastKnownFileType = sourcecode.swift; path = TodoCollectionViewCell.swift; sourceTree = "<group>"; };
		F381C864C153B0F7B76F40CB /* Pods-EverydayTodo.release.xcconfig */ = {isa = PBXFileReference; includeInIndex = 1; lastKnownFileType = text.xcconfig; name = "Pods-EverydayTodo.release.xcconfig"; path = "Target Support Files/Pods-EverydayTodo/Pods-EverydayTodo.release.xcconfig"; sourceTree = "<group>"; };
/* End PBXFileReference section */

/* Begin PBXFrameworksBuildPhase section */
		EACB123E258799BC00B80F59 /* Frameworks */ = {
			isa = PBXFrameworksBuildPhase;
			buildActionMask = 2147483647;
			files = (
				A80ED70A08A0E84DC023BC38 /* Pods_EverydayTodo.framework in Frameworks */,
			);
			runOnlyForDeploymentPostprocessing = 0;
		};
/* End PBXFrameworksBuildPhase section */

/* Begin PBXGroup section */
		053FA96049F454F2B2C8032C /* Frameworks */ = {
			isa = PBXGroup;
			children = (
				71DF0B6E09F56FC2F1BB9050 /* Pods_EverydayTodo.framework */,
			);
			name = Frameworks;
			sourceTree = "<group>";
		};
		2C526FEE283607BCC33706C2 /* Pods */ = {
			isa = PBXGroup;
			children = (
				93F64EB69614C9989339FA45 /* Pods-EverydayTodo.debug.xcconfig */,
				F381C864C153B0F7B76F40CB /* Pods-EverydayTodo.release.xcconfig */,
			);
			path = Pods;
			sourceTree = "<group>";
		};
		EABC54A1258B4D0C0092DF9B /* DB */ = {
			isa = PBXGroup;
			children = (
				EACB124D258799BC00B80F59 /* EverydayTodo.xcdatamodeld */,
			);
			path = DB;
			sourceTree = "<group>";
		};
		EACB1238258799BC00B80F59 = {
			isa = PBXGroup;
			children = (
				EACB1243258799BC00B80F59 /* EverydayTodo */,
				EACB1242258799BC00B80F59 /* Products */,
				2C526FEE283607BCC33706C2 /* Pods */,
				053FA96049F454F2B2C8032C /* Frameworks */,
			);
			sourceTree = "<group>";
		};
		EACB1242258799BC00B80F59 /* Products */ = {
			isa = PBXGroup;
			children = (
				EACB1241258799BC00B80F59 /* EverydayTodo.app */,
			);
			name = Products;
			sourceTree = "<group>";
		};
		EACB1243258799BC00B80F59 /* EverydayTodo */ = {
			isa = PBXGroup;
			children = (
				EACB12682587A11300B80F59 /* Extentions */,
				EABC54A1258B4D0C0092DF9B /* DB */,
				EACB12662587A09B00B80F59 /* Resources */,
				EACB125F25879F5E00B80F59 /* Services */,
				EACB125E25879F4E00B80F59 /* Sources */,
				EACB125D25879F3D00B80F59 /* Utils */,
				EACB125C25879F0A00B80F59 /* Supportings */,
			);
			path = EverydayTodo;
			sourceTree = "<group>";
		};
		EACB125C25879F0A00B80F59 /* Supportings */ = {
			isa = PBXGroup;
			children = (
				EACB1255258799C100B80F59 /* Info.plist */,
			);
			path = Supportings;
			sourceTree = "<group>";
		};
		EACB125D25879F3D00B80F59 /* Utils */ = {
			isa = PBXGroup;
			children = (
			);
			path = Utils;
			sourceTree = "<group>";
		};
		EACB125E25879F4E00B80F59 /* Sources */ = {
			isa = PBXGroup;
			children = (
				EACB12642587A01B00B80F59 /* ViewControllers */,
				EACB126325879FFD00B80F59 /* Applications */,
				EACB126225879FED00B80F59 /* Views */,
				EACB126125879FDF00B80F59 /* ViewModels */,
				EACB126025879FBE00B80F59 /* Models */,
			);
			path = Sources;
			sourceTree = "<group>";
		};
		EACB125F25879F5E00B80F59 /* Services */ = {
			isa = PBXGroup;
			children = (
				EA35CE5D259A2E070009A51F /* Todo.swift */,
			);
			path = Services;
			sourceTree = "<group>";
		};
		EACB126025879FBE00B80F59 /* Models */ = {
			isa = PBXGroup;
			children = (
				EAC0920C259DCD7F00604402 /* Todo+CoreDataClass.swift */,
				EAC0920D259DCD7F00604402 /* Todo+CoreDataProperties.swift */,
			);
			path = Models;
			sourceTree = "<group>";
		};
		EACB126125879FDF00B80F59 /* ViewModels */ = {
			isa = PBXGroup;
			children = (
			);
			path = ViewModels;
			sourceTree = "<group>";
		};
		EACB126225879FED00B80F59 /* Views */ = {
			isa = PBXGroup;
			children = (
				EACB126C2587A7E400B80F59 /* Cells */,
				EABC54A9258B5B070092DF9B /* LineView.swift */,
			);
			path = Views;
			sourceTree = "<group>";
		};
		EACB126325879FFD00B80F59 /* Applications */ = {
			isa = PBXGroup;
			children = (
				EACB1244258799BC00B80F59 /* AppDelegate.swift */,
				EACB1246258799BC00B80F59 /* SceneDelegate.swift */,
			);
			path = Applications;
			sourceTree = "<group>";
		};
		EACB12642587A01B00B80F59 /* ViewControllers */ = {
			isa = PBXGroup;
			children = (
				EACB1248258799BC00B80F59 /* TodoViewController.swift */,
				EABC54AC258B64D90092DF9B /* HeaderCollectionReusableView.swift */,
				EA99FB77258D0D3500E0D30D /* ModalViewController.swift */,
			);
			path = ViewControllers;
			sourceTree = "<group>";
		};
		EACB12662587A09B00B80F59 /* Resources */ = {
			isa = PBXGroup;
			children = (
				EACB12672587A0A900B80F59 /* Storyboards */,
				EACB1250258799C100B80F59 /* Assets.xcassets */,
			);
			path = Resources;
			sourceTree = "<group>";
		};
		EACB12672587A0A900B80F59 /* Storyboards */ = {
			isa = PBXGroup;
			children = (
				EACB1252258799C100B80F59 /* LaunchScreen.storyboard */,
				EACB124A258799BC00B80F59 /* Main.storyboard */,
			);
			path = Storyboards;
			sourceTree = "<group>";
		};
		EACB12682587A11300B80F59 /* Extentions */ = {
			isa = PBXGroup;
			children = (
				EABC54A3258B56BC0092DF9B /* ViewExtensions.swift */,
				EA99FB70258CD24100E0D30D /* BLTNExtensions.swift */,
				EA35CE60259C50920009A51F /* Date+Extensions.swift */,
			);
			path = Extentions;
			sourceTree = "<group>";
		};
		EACB126C2587A7E400B80F59 /* Cells */ = {
			isa = PBXGroup;
			children = (
				EACB126D2587A82600B80F59 /* TodoCollectionViewCell.swift */,
			);
			path = Cells;
			sourceTree = "<group>";
		};
/* End PBXGroup section */

/* Begin PBXNativeTarget section */
		EACB1240258799BC00B80F59 /* EverydayTodo */ = {
			isa = PBXNativeTarget;
			buildConfigurationList = EACB1258258799C100B80F59 /* Build configuration list for PBXNativeTarget "EverydayTodo" */;
			buildPhases = (
				39AFE905CD831334802F309D /* [CP] Check Pods Manifest.lock */,
				EACB123D258799BC00B80F59 /* Sources */,
				EACB123E258799BC00B80F59 /* Frameworks */,
				EACB123F258799BC00B80F59 /* Resources */,
				90E6EE00143ED443CF3D1479 /* [CP] Embed Pods Frameworks */,
			);
			buildRules = (
			);
			dependencies = (
			);
			name = EverydayTodo;
			productName = EverydayTodo;
			productReference = EACB1241258799BC00B80F59 /* EverydayTodo.app */;
			productType = "com.apple.product-type.application";
		};
/* End PBXNativeTarget section */

/* Begin PBXProject section */
		EACB1239258799BC00B80F59 /* Project object */ = {
			isa = PBXProject;
			attributes = {
				LastSwiftUpdateCheck = 1220;
				LastUpgradeCheck = 1220;
				TargetAttributes = {
					EACB1240258799BC00B80F59 = {
						CreatedOnToolsVersion = 12.2;
					};
				};
			};
			buildConfigurationList = EACB123C258799BC00B80F59 /* Build configuration list for PBXProject "EverydayTodo" */;
			compatibilityVersion = "Xcode 9.3";
			developmentRegion = en;
			hasScannedForEncodings = 0;
			knownRegions = (
				en,
				Base,
			);
			mainGroup = EACB1238258799BC00B80F59;
			productRefGroup = EACB1242258799BC00B80F59 /* Products */;
			projectDirPath = "";
			projectRoot = "";
			targets = (
				EACB1240258799BC00B80F59 /* EverydayTodo */,
			);
		};
/* End PBXProject section */

/* Begin PBXResourcesBuildPhase section */
		EACB123F258799BC00B80F59 /* Resources */ = {
			isa = PBXResourcesBuildPhase;
			buildActionMask = 2147483647;
			files = (
				EACB1254258799C100B80F59 /* LaunchScreen.storyboard in Resources */,
				EACB1251258799C100B80F59 /* Assets.xcassets in Resources */,
				EACB124C258799BC00B80F59 /* Main.storyboard in Resources */,
			);
			runOnlyForDeploymentPostprocessing = 0;
		};
/* End PBXResourcesBuildPhase section */

/* Begin PBXShellScriptBuildPhase section */
		39AFE905CD831334802F309D /* [CP] Check Pods Manifest.lock */ = {
			isa = PBXShellScriptBuildPhase;
			buildActionMask = 2147483647;
			files = (
			);
			inputFileListPaths = (
			);
			inputPaths = (
				"${PODS_PODFILE_DIR_PATH}/Podfile.lock",
				"${PODS_ROOT}/Manifest.lock",
			);
			name = "[CP] Check Pods Manifest.lock";
			outputFileListPaths = (
			);
			outputPaths = (
				"$(DERIVED_FILE_DIR)/Pods-EverydayTodo-checkManifestLockResult.txt",
			);
			runOnlyForDeploymentPostprocessing = 0;
			shellPath = /bin/sh;
			shellScript = "diff \"${PODS_PODFILE_DIR_PATH}/Podfile.lock\" \"${PODS_ROOT}/Manifest.lock\" > /dev/null\nif [ $? != 0 ] ; then\n    # print error to STDERR\n    echo \"error: The sandbox is not in sync with the Podfile.lock. Run 'pod install' or update your CocoaPods installation.\" >&2\n    exit 1\nfi\n# This output is used by Xcode 'outputs' to avoid re-running this script phase.\necho \"SUCCESS\" > \"${SCRIPT_OUTPUT_FILE_0}\"\n";
			showEnvVarsInLog = 0;
		};
		90E6EE00143ED443CF3D1479 /* [CP] Embed Pods Frameworks */ = {
			isa = PBXShellScriptBuildPhase;
			buildActionMask = 2147483647;
			files = (
			);
			inputFileListPaths = (
				"${PODS_ROOT}/Target Support Files/Pods-EverydayTodo/Pods-EverydayTodo-frameworks-${CONFIGURATION}-input-files.xcfilelist",
			);
			name = "[CP] Embed Pods Frameworks";
			outputFileListPaths = (
				"${PODS_ROOT}/Target Support Files/Pods-EverydayTodo/Pods-EverydayTodo-frameworks-${CONFIGURATION}-output-files.xcfilelist",
			);
			runOnlyForDeploymentPostprocessing = 0;
			shellPath = /bin/sh;
			shellScript = "\"${PODS_ROOT}/Target Support Files/Pods-EverydayTodo/Pods-EverydayTodo-frameworks.sh\"\n";
			showEnvVarsInLog = 0;
		};
/* End PBXShellScriptBuildPhase section */

/* Begin PBXSourcesBuildPhase section */
		EACB123D258799BC00B80F59 /* Sources */ = {
			isa = PBXSourcesBuildPhase;
			buildActionMask = 2147483647;
			files = (
				EA35CE61259C50920009A51F /* Date+Extensions.swift in Sources */,
				EABC54AD258B64D90092DF9B /* HeaderCollectionReusableView.swift in Sources */,
				EACB124F258799BC00B80F59 /* EverydayTodo.xcdatamodeld in Sources */,
				EAC0920F259DCD7F00604402 /* Todo+CoreDataProperties.swift in Sources */,
				EA99FB71258CD24100E0D30D /* BLTNExtensions.swift in Sources */,
				EACB1249258799BC00B80F59 /* TodoViewController.swift in Sources */,
				EACB1245258799BC00B80F59 /* AppDelegate.swift in Sources */,
				EACB126E2587A82600B80F59 /* TodoCollectionViewCell.swift in Sources */,
				EAC0920E259DCD7F00604402 /* Todo+CoreDataClass.swift in Sources */,
				EA99FB78258D0D3500E0D30D /* ModalViewController.swift in Sources */,
				EABC54A4258B56BC0092DF9B /* ViewExtensions.swift in Sources */,
				EABC54AA258B5B070092DF9B /* LineView.swift in Sources */,
				EA35CE5E259A2E070009A51F /* Todo.swift in Sources */,
				EACB1247258799BC00B80F59 /* SceneDelegate.swift in Sources */,
			);
			runOnlyForDeploymentPostprocessing = 0;
		};
/* End PBXSourcesBuildPhase section */

/* Begin PBXVariantGroup section */
		EACB124A258799BC00B80F59 /* Main.storyboard */ = {
			isa = PBXVariantGroup;
			children = (
				EACB124B258799BC00B80F59 /* Base */,
			);
			name = Main.storyboard;
			sourceTree = "<group>";
		};
		EACB1252258799C100B80F59 /* LaunchScreen.storyboard */ = {
			isa = PBXVariantGroup;
			children = (
				EACB1253258799C100B80F59 /* Base */,
			);
			name = LaunchScreen.storyboard;
			sourceTree = "<group>";
		};
/* End PBXVariantGroup section */

/* Begin XCBuildConfiguration section */
		EACB1256258799C100B80F59 /* Debug */ = {
			isa = XCBuildConfiguration;
			buildSettings = {
				ALWAYS_SEARCH_USER_PATHS = NO;
				CLANG_ANALYZER_NONNULL = YES;
				CLANG_ANALYZER_NUMBER_OBJECT_CONVERSION = YES_AGGRESSIVE;
				CLANG_CXX_LANGUAGE_STANDARD = "gnu++14";
				CLANG_CXX_LIBRARY = "libc++";
				CLANG_ENABLE_MODULES = YES;
				CLANG_ENABLE_OBJC_ARC = YES;
				CLANG_ENABLE_OBJC_WEAK = YES;
				CLANG_WARN_BLOCK_CAPTURE_AUTORELEASING = YES;
				CLANG_WARN_BOOL_CONVERSION = YES;
				CLANG_WARN_COMMA = YES;
				CLANG_WARN_CONSTANT_CONVERSION = YES;
				CLANG_WARN_DEPRECATED_OBJC_IMPLEMENTATIONS = YES;
				CLANG_WARN_DIRECT_OBJC_ISA_USAGE = YES_ERROR;
				CLANG_WARN_DOCUMENTATION_COMMENTS = YES;
				CLANG_WARN_EMPTY_BODY = YES;
				CLANG_WARN_ENUM_CONVERSION = YES;
				CLANG_WARN_INFINITE_RECURSION = YES;
				CLANG_WARN_INT_CONVERSION = YES;
				CLANG_WARN_NON_LITERAL_NULL_CONVERSION = YES;
				CLANG_WARN_OBJC_IMPLICIT_RETAIN_SELF = YES;
				CLANG_WARN_OBJC_LITERAL_CONVERSION = YES;
				CLANG_WARN_OBJC_ROOT_CLASS = YES_ERROR;
				CLANG_WARN_QUOTED_INCLUDE_IN_FRAMEWORK_HEADER = YES;
				CLANG_WARN_RANGE_LOOP_ANALYSIS = YES;
				CLANG_WARN_STRICT_PROTOTYPES = YES;
				CLANG_WARN_SUSPICIOUS_MOVE = YES;
				CLANG_WARN_UNGUARDED_AVAILABILITY = YES_AGGRESSIVE;
				CLANG_WARN_UNREACHABLE_CODE = YES;
				CLANG_WARN__DUPLICATE_METHOD_MATCH = YES;
				COPY_PHASE_STRIP = NO;
				DEBUG_INFORMATION_FORMAT = dwarf;
				ENABLE_STRICT_OBJC_MSGSEND = YES;
				ENABLE_TESTABILITY = YES;
				GCC_C_LANGUAGE_STANDARD = gnu11;
				GCC_DYNAMIC_NO_PIC = NO;
				GCC_NO_COMMON_BLOCKS = YES;
				GCC_OPTIMIZATION_LEVEL = 0;
				GCC_PREPROCESSOR_DEFINITIONS = (
					"DEBUG=1",
					"$(inherited)",
				);
				GCC_WARN_64_TO_32_BIT_CONVERSION = YES;
				GCC_WARN_ABOUT_RETURN_TYPE = YES_ERROR;
				GCC_WARN_UNDECLARED_SELECTOR = YES;
				GCC_WARN_UNINITIALIZED_AUTOS = YES_AGGRESSIVE;
				GCC_WARN_UNUSED_FUNCTION = YES;
				GCC_WARN_UNUSED_VARIABLE = YES;
				IPHONEOS_DEPLOYMENT_TARGET = 14.2;
				MTL_ENABLE_DEBUG_INFO = INCLUDE_SOURCE;
				MTL_FAST_MATH = YES;
				ONLY_ACTIVE_ARCH = YES;
				SDKROOT = iphoneos;
				SWIFT_ACTIVE_COMPILATION_CONDITIONS = DEBUG;
				SWIFT_OPTIMIZATION_LEVEL = "-Onone";
			};
			name = Debug;
		};
		EACB1257258799C100B80F59 /* Release */ = {
			isa = XCBuildConfiguration;
			buildSettings = {
				ALWAYS_SEARCH_USER_PATHS = NO;
				CLANG_ANALYZER_NONNULL = YES;
				CLANG_ANALYZER_NUMBER_OBJECT_CONVERSION = YES_AGGRESSIVE;
				CLANG_CXX_LANGUAGE_STANDARD = "gnu++14";
				CLANG_CXX_LIBRARY = "libc++";
				CLANG_ENABLE_MODULES = YES;
				CLANG_ENABLE_OBJC_ARC = YES;
				CLANG_ENABLE_OBJC_WEAK = YES;
				CLANG_WARN_BLOCK_CAPTURE_AUTORELEASING = YES;
				CLANG_WARN_BOOL_CONVERSION = YES;
				CLANG_WARN_COMMA = YES;
				CLANG_WARN_CONSTANT_CONVERSION = YES;
				CLANG_WARN_DEPRECATED_OBJC_IMPLEMENTATIONS = YES;
				CLANG_WARN_DIRECT_OBJC_ISA_USAGE = YES_ERROR;
				CLANG_WARN_DOCUMENTATION_COMMENTS = YES;
				CLANG_WARN_EMPTY_BODY = YES;
				CLANG_WARN_ENUM_CONVERSION = YES;
				CLANG_WARN_INFINITE_RECURSION = YES;
				CLANG_WARN_INT_CONVERSION = YES;
				CLANG_WARN_NON_LITERAL_NULL_CONVERSION = YES;
				CLANG_WARN_OBJC_IMPLICIT_RETAIN_SELF = YES;
				CLANG_WARN_OBJC_LITERAL_CONVERSION = YES;
				CLANG_WARN_OBJC_ROOT_CLASS = YES_ERROR;
				CLANG_WARN_QUOTED_INCLUDE_IN_FRAMEWORK_HEADER = YES;
				CLANG_WARN_RANGE_LOOP_ANALYSIS = YES;
				CLANG_WARN_STRICT_PROTOTYPES = YES;
				CLANG_WARN_SUSPICIOUS_MOVE = YES;
				CLANG_WARN_UNGUARDED_AVAILABILITY = YES_AGGRESSIVE;
				CLANG_WARN_UNREACHABLE_CODE = YES;
				CLANG_WARN__DUPLICATE_METHOD_MATCH = YES;
				COPY_PHASE_STRIP = NO;
				DEBUG_INFORMATION_FORMAT = "dwarf-with-dsym";
				ENABLE_NS_ASSERTIONS = NO;
				ENABLE_STRICT_OBJC_MSGSEND = YES;
				GCC_C_LANGUAGE_STANDARD = gnu11;
				GCC_NO_COMMON_BLOCKS = YES;
				GCC_WARN_64_TO_32_BIT_CONVERSION = YES;
				GCC_WARN_ABOUT_RETURN_TYPE = YES_ERROR;
				GCC_WARN_UNDECLARED_SELECTOR = YES;
				GCC_WARN_UNINITIALIZED_AUTOS = YES_AGGRESSIVE;
				GCC_WARN_UNUSED_FUNCTION = YES;
				GCC_WARN_UNUSED_VARIABLE = YES;
				IPHONEOS_DEPLOYMENT_TARGET = 14.2;
				MTL_ENABLE_DEBUG_INFO = NO;
				MTL_FAST_MATH = YES;
				SDKROOT = iphoneos;
				SWIFT_COMPILATION_MODE = wholemodule;
				SWIFT_OPTIMIZATION_LEVEL = "-O";
				VALIDATE_PRODUCT = YES;
			};
			name = Release;
		};
		EACB1259258799C100B80F59 /* Debug */ = {
			isa = XCBuildConfiguration;
			baseConfigurationReference = 93F64EB69614C9989339FA45 /* Pods-EverydayTodo.debug.xcconfig */;
			buildSettings = {
				ASSETCATALOG_COMPILER_APPICON_NAME = AppIcon;
				ASSETCATALOG_COMPILER_GLOBAL_ACCENT_COLOR_NAME = AccentColor;
				CODE_SIGN_STYLE = Automatic;
				DEVELOPMENT_TEAM = 68663464K3;
				INFOPLIST_FILE = EverydayTodo/Supportings/Info.plist;
				LD_RUNPATH_SEARCH_PATHS = (
					"$(inherited)",
					"@executable_path/Frameworks",
				);
				PRODUCT_BUNDLE_IDENTIFIER = com.doyeon.EverydayTodo;
				PRODUCT_NAME = "$(TARGET_NAME)";
				SWIFT_VERSION = 5.0;
				TARGETED_DEVICE_FAMILY = "1,2";
			};
			name = Debug;
		};
		EACB125A258799C100B80F59 /* Release */ = {
			isa = XCBuildConfiguration;
			baseConfigurationReference = F381C864C153B0F7B76F40CB /* Pods-EverydayTodo.release.xcconfig */;
			buildSettings = {
				ASSETCATALOG_COMPILER_APPICON_NAME = AppIcon;
				ASSETCATALOG_COMPILER_GLOBAL_ACCENT_COLOR_NAME = AccentColor;
				CODE_SIGN_STYLE = Automatic;
				DEVELOPMENT_TEAM = 68663464K3;
				INFOPLIST_FILE = EverydayTodo/Supportings/Info.plist;
				LD_RUNPATH_SEARCH_PATHS = (
					"$(inherited)",
					"@executable_path/Frameworks",
				);
				PRODUCT_BUNDLE_IDENTIFIER = com.doyeon.EverydayTodo;
				PRODUCT_NAME = "$(TARGET_NAME)";
				SWIFT_VERSION = 5.0;
				TARGETED_DEVICE_FAMILY = "1,2";
			};
			name = Release;
		};
/* End XCBuildConfiguration section */

/* Begin XCConfigurationList section */
		EACB123C258799BC00B80F59 /* Build configuration list for PBXProject "EverydayTodo" */ = {
			isa = XCConfigurationList;
			buildConfigurations = (
				EACB1256258799C100B80F59 /* Debug */,
				EACB1257258799C100B80F59 /* Release */,
			);
			defaultConfigurationIsVisible = 0;
			defaultConfigurationName = Release;
		};
		EACB1258258799C100B80F59 /* Build configuration list for PBXNativeTarget "EverydayTodo" */ = {
			isa = XCConfigurationList;
			buildConfigurations = (
				EACB1259258799C100B80F59 /* Debug */,
				EACB125A258799C100B80F59 /* Release */,
			);
			defaultConfigurationIsVisible = 0;
			defaultConfigurationName = Release;
		};
/* End XCConfigurationList section */

/* Begin XCVersionGroup section */
		EACB124D258799BC00B80F59 /* EverydayTodo.xcdatamodeld */ = {
			isa = XCVersionGroup;
			children = (
				EACB124E258799BC00B80F59 /* EverydayTodo.xcdatamodel */,
			);
			currentVersion = EACB124E258799BC00B80F59 /* EverydayTodo.xcdatamodel */;
			path = EverydayTodo.xcdatamodeld;
			sourceTree = "<group>";
			versionGroupType = wrapper.xcdatamodel;
		};
/* End XCVersionGroup section */
	};
	rootObject = EACB1239258799BC00B80F59 /* Project object */;
}
